// !$*UTF8*$!
{
	archiveVersion = 1;
	classes = {
	};
	objectVersion = 46;
	objects = {

/* Begin PBXBuildFile section */
		DC068359174402A100EE659D /* BlendPanel.xib in Resources */ = {isa = PBXBuildFile; fileRef = DC068358174402A100EE659D /* BlendPanel.xib */; };
		DC06835C1744032200EE659D /* BlendPanel.m in Sources */ = {isa = PBXBuildFile; fileRef = DC06835B1744032100EE659D /* BlendPanel.m */; };
		DC14B5AC1742B7EF00D314B9 /* EverFilterCellView.m in Sources */ = {isa = PBXBuildFile; fileRef = DC14B5AB1742B7EF00D314B9 /* EverFilterCellView.m */; };
		DC1AAD7917428077003BE47C /* EverMainMenu.m in Sources */ = {isa = PBXBuildFile; fileRef = DC1AAD7817428077003BE47C /* EverMainMenu.m */; };
		DC1AAD7F17429EFB003BE47C /* EverFilters.m in Sources */ = {isa = PBXBuildFile; fileRef = DC1AAD7E17429EFB003BE47C /* EverFilters.m */; };
		DC49E40817443E2600BD68E3 /* GPUImage.framework in Frameworks */ = {isa = PBXBuildFile; fileRef = DC49E40717443E1800BD68E3 /* GPUImage.framework */; };
		DC4AEEA717427886007FE12F /* Cocoa.framework in Frameworks */ = {isa = PBXBuildFile; fileRef = DC4AEEA617427886007FE12F /* Cocoa.framework */; };
		DC4AEEB117427886007FE12F /* InfoPlist.strings in Resources */ = {isa = PBXBuildFile; fileRef = DC4AEEAF17427886007FE12F /* InfoPlist.strings */; };
		DC4AEEB317427886007FE12F /* main.m in Sources */ = {isa = PBXBuildFile; fileRef = DC4AEEB217427886007FE12F /* main.m */; };
		DC4AEEB717427886007FE12F /* Credits.rtf in Resources */ = {isa = PBXBuildFile; fileRef = DC4AEEB517427886007FE12F /* Credits.rtf */; };
		DC4AEEBA17427886007FE12F /* EverAppDelegate.m in Sources */ = {isa = PBXBuildFile; fileRef = DC4AEEB917427886007FE12F /* EverAppDelegate.m */; };
		DC4AEEBD17427887007FE12F /* MainMenu.xib in Resources */ = {isa = PBXBuildFile; fileRef = DC4AEEBB17427887007FE12F /* MainMenu.xib */; };
		DC4AEECB1742793A007FE12F /* EverMainWindow.m in Sources */ = {isa = PBXBuildFile; fileRef = DC4AEECA1742793A007FE12F /* EverMainWindow.m */; };
		DC82DC2F174390E100B7C985 /* SimplePanel.xib in Resources */ = {isa = PBXBuildFile; fileRef = DC82DC2E174390E100B7C985 /* SimplePanel.xib */; };
		DC82DC321743913500B7C985 /* SimplePanel.m in Sources */ = {isa = PBXBuildFile; fileRef = DC82DC311743913500B7C985 /* SimplePanel.m */; };
		DC82DC341743A88800B7C985 /* LevelsPanel.xib in Resources */ = {isa = PBXBuildFile; fileRef = DC82DC331743A88800B7C985 /* LevelsPanel.xib */; };
		DC82DC371743AC4300B7C985 /* LevelsPanel.m in Sources */ = {isa = PBXBuildFile; fileRef = DC82DC361743AC4300B7C985 /* LevelsPanel.m */; };
		DC82DC391743C3C100B7C985 /* ChannelSettingView.xib in Resources */ = {isa = PBXBuildFile; fileRef = DC82DC381743C3C100B7C985 /* ChannelSettingView.xib */; };
		DC82DC3C1743C44400B7C985 /* ChannelSettingView.m in Sources */ = {isa = PBXBuildFile; fileRef = DC82DC3B1743C44400B7C985 /* ChannelSettingView.m */; };
		EE2586DA174BB65900843845 /* EverFilterExporter.m in Sources */ = {isa = PBXBuildFile; fileRef = EE2586D9174BB65900843845 /* EverFilterExporter.m */; };
		EE38AAA1174B9420008A62FF /* GPUImage.framework in CopyFiles */ = {isa = PBXBuildFile; fileRef = DC49E40717443E1800BD68E3 /* GPUImage.framework */; };
/* End PBXBuildFile section */

/* Begin PBXContainerItemProxy section */
		DC49E40617443E1800BD68E3 /* PBXContainerItemProxy */ = {
			isa = PBXContainerItemProxy;
			containerPortal = DC49E40217443E1800BD68E3 /* GPUImageMac.xcodeproj */;
			proxyType = 2;
			remoteGlobalIDString = BCA3F31C17239B6500E28AEC;
			remoteInfo = GPUImage;
		};
/* End PBXContainerItemProxy section */

/* Begin PBXCopyFilesBuildPhase section */
		EE38AA9F174B9416008A62FF /* CopyFiles */ = {
			isa = PBXCopyFilesBuildPhase;
			buildActionMask = 2147483647;
			dstPath = "";
			dstSubfolderSpec = 10;
			files = (
				EE38AAA1174B9420008A62FF /* GPUImage.framework in CopyFiles */,
			);
			runOnlyForDeploymentPostprocessing = 0;
		};
/* End PBXCopyFilesBuildPhase section */

/* Begin PBXFileReference section */
		DC068358174402A100EE659D /* BlendPanel.xib */ = {isa = PBXFileReference; fileEncoding = 4; lastKnownFileType = file.xib; path = BlendPanel.xib; sourceTree = "<group>"; };
		DC06835A1744032100EE659D /* BlendPanel.h */ = {isa = PBXFileReference; fileEncoding = 4; lastKnownFileType = sourcecode.c.h; path = BlendPanel.h; sourceTree = "<group>"; };
		DC06835B1744032100EE659D /* BlendPanel.m */ = {isa = PBXFileReference; fileEncoding = 4; lastKnownFileType = sourcecode.c.objc; path = BlendPanel.m; sourceTree = "<group>"; };
		DC14B5AA1742B7EF00D314B9 /* EverFilterCellView.h */ = {isa = PBXFileReference; fileEncoding = 4; lastKnownFileType = sourcecode.c.h; path = EverFilterCellView.h; sourceTree = "<group>"; };
		DC14B5AB1742B7EF00D314B9 /* EverFilterCellView.m */ = {isa = PBXFileReference; fileEncoding = 4; lastKnownFileType = sourcecode.c.objc; path = EverFilterCellView.m; sourceTree = "<group>"; };
		DC1AAD7717428077003BE47C /* EverMainMenu.h */ = {isa = PBXFileReference; fileEncoding = 4; lastKnownFileType = sourcecode.c.h; path = EverMainMenu.h; sourceTree = "<group>"; };
		DC1AAD7817428077003BE47C /* EverMainMenu.m */ = {isa = PBXFileReference; fileEncoding = 4; lastKnownFileType = sourcecode.c.objc; path = EverMainMenu.m; sourceTree = "<group>"; };
		DC1AAD7D17429EFB003BE47C /* EverFilters.h */ = {isa = PBXFileReference; fileEncoding = 4; lastKnownFileType = sourcecode.c.h; path = EverFilters.h; sourceTree = "<group>"; };
		DC1AAD7E17429EFB003BE47C /* EverFilters.m */ = {isa = PBXFileReference; fileEncoding = 4; lastKnownFileType = sourcecode.c.objc; path = EverFilters.m; sourceTree = "<group>"; };
		DC49E40217443E1800BD68E3 /* GPUImageMac.xcodeproj */ = {isa = PBXFileReference; lastKnownFileType = "wrapper.pb-project"; name = GPUImageMac.xcodeproj; path = ../GPUImage/framework/GPUImageMac.xcodeproj; sourceTree = "<group>"; };
		DC4AEEA317427886007FE12F /* Ever FilterGenerator.app */ = {isa = PBXFileReference; explicitFileType = wrapper.application; includeInIndex = 0; path = "Ever FilterGenerator.app"; sourceTree = BUILT_PRODUCTS_DIR; };
		DC4AEEA617427886007FE12F /* Cocoa.framework */ = {isa = PBXFileReference; lastKnownFileType = wrapper.framework; name = Cocoa.framework; path = System/Library/Frameworks/Cocoa.framework; sourceTree = SDKROOT; };
		DC4AEEA917427886007FE12F /* AppKit.framework */ = {isa = PBXFileReference; lastKnownFileType = wrapper.framework; name = AppKit.framework; path = System/Library/Frameworks/AppKit.framework; sourceTree = SDKROOT; };
		DC4AEEAA17427886007FE12F /* CoreData.framework */ = {isa = PBXFileReference; lastKnownFileType = wrapper.framework; name = CoreData.framework; path = System/Library/Frameworks/CoreData.framework; sourceTree = SDKROOT; };
		DC4AEEAB17427886007FE12F /* Foundation.framework */ = {isa = PBXFileReference; lastKnownFileType = wrapper.framework; name = Foundation.framework; path = System/Library/Frameworks/Foundation.framework; sourceTree = SDKROOT; };
		DC4AEEAE17427886007FE12F /* Ever FilterGenerator-Info.plist */ = {isa = PBXFileReference; lastKnownFileType = text.plist.xml; path = "Ever FilterGenerator-Info.plist"; sourceTree = "<group>"; };
		DC4AEEB017427886007FE12F /* en */ = {isa = PBXFileReference; lastKnownFileType = text.plist.strings; name = en; path = en.lproj/InfoPlist.strings; sourceTree = "<group>"; };
		DC4AEEB217427886007FE12F /* main.m */ = {isa = PBXFileReference; lastKnownFileType = sourcecode.c.objc; path = main.m; sourceTree = "<group>"; };
		DC4AEEB417427886007FE12F /* Ever FilterGenerator-Prefix.pch */ = {isa = PBXFileReference; lastKnownFileType = sourcecode.c.h; path = "Ever FilterGenerator-Prefix.pch"; sourceTree = "<group>"; };
		DC4AEEB617427886007FE12F /* en */ = {isa = PBXFileReference; lastKnownFileType = text.rtf; name = en; path = en.lproj/Credits.rtf; sourceTree = "<group>"; };
		DC4AEEB817427886007FE12F /* EverAppDelegate.h */ = {isa = PBXFileReference; lastKnownFileType = sourcecode.c.h; path = EverAppDelegate.h; sourceTree = "<group>"; };
		DC4AEEB917427886007FE12F /* EverAppDelegate.m */ = {isa = PBXFileReference; lastKnownFileType = sourcecode.c.objc; path = EverAppDelegate.m; sourceTree = "<group>"; };
		DC4AEEBC17427887007FE12F /* en */ = {isa = PBXFileReference; lastKnownFileType = file.xib; name = en; path = en.lproj/MainMenu.xib; sourceTree = "<group>"; };
		DC4AEEC91742793A007FE12F /* EverMainWindow.h */ = {isa = PBXFileReference; fileEncoding = 4; lastKnownFileType = sourcecode.c.h; path = EverMainWindow.h; sourceTree = "<group>"; };
		DC4AEECA1742793A007FE12F /* EverMainWindow.m */ = {isa = PBXFileReference; fileEncoding = 4; lastKnownFileType = sourcecode.c.objc; path = EverMainWindow.m; sourceTree = "<group>"; };
		DC82DC2E174390E100B7C985 /* SimplePanel.xib */ = {isa = PBXFileReference; fileEncoding = 4; lastKnownFileType = file.xib; path = SimplePanel.xib; sourceTree = "<group>"; };
		DC82DC301743913500B7C985 /* SimplePanel.h */ = {isa = PBXFileReference; fileEncoding = 4; lastKnownFileType = sourcecode.c.h; path = SimplePanel.h; sourceTree = "<group>"; };
		DC82DC311743913500B7C985 /* SimplePanel.m */ = {isa = PBXFileReference; fileEncoding = 4; lastKnownFileType = sourcecode.c.objc; path = SimplePanel.m; sourceTree = "<group>"; };
		DC82DC331743A88800B7C985 /* LevelsPanel.xib */ = {isa = PBXFileReference; fileEncoding = 4; lastKnownFileType = file.xib; path = LevelsPanel.xib; sourceTree = "<group>"; };
		DC82DC351743AC4300B7C985 /* LevelsPanel.h */ = {isa = PBXFileReference; fileEncoding = 4; lastKnownFileType = sourcecode.c.h; path = LevelsPanel.h; sourceTree = "<group>"; };
		DC82DC361743AC4300B7C985 /* LevelsPanel.m */ = {isa = PBXFileReference; fileEncoding = 4; lastKnownFileType = sourcecode.c.objc; path = LevelsPanel.m; sourceTree = "<group>"; };
		DC82DC381743C3C100B7C985 /* ChannelSettingView.xib */ = {isa = PBXFileReference; fileEncoding = 4; lastKnownFileType = file.xib; path = ChannelSettingView.xib; sourceTree = "<group>"; };
		DC82DC3A1743C44400B7C985 /* ChannelSettingView.h */ = {isa = PBXFileReference; fileEncoding = 4; lastKnownFileType = sourcecode.c.h; path = ChannelSettingView.h; sourceTree = "<group>"; };
		DC82DC3B1743C44400B7C985 /* ChannelSettingView.m */ = {isa = PBXFileReference; fileEncoding = 4; lastKnownFileType = sourcecode.c.objc; path = ChannelSettingView.m; sourceTree = "<group>"; };
		EE2586D8174BB65900843845 /* EverFilterExporter.h */ = {isa = PBXFileReference; fileEncoding = 4; lastKnownFileType = sourcecode.c.h; path = EverFilterExporter.h; sourceTree = "<group>"; };
		EE2586D9174BB65900843845 /* EverFilterExporter.m */ = {isa = PBXFileReference; fileEncoding = 4; lastKnownFileType = sourcecode.c.objc; path = EverFilterExporter.m; sourceTree = "<group>"; };
/* End PBXFileReference section */

/* Begin PBXFrameworksBuildPhase section */
		DC4AEEA017427886007FE12F /* Frameworks */ = {
			isa = PBXFrameworksBuildPhase;
			buildActionMask = 2147483647;
			files = (
				DC49E40817443E2600BD68E3 /* GPUImage.framework in Frameworks */,
				DC4AEEA717427886007FE12F /* Cocoa.framework in Frameworks */,
			);
			runOnlyForDeploymentPostprocessing = 0;
		};
/* End PBXFrameworksBuildPhase section */

/* Begin PBXGroup section */
		DC49E40317443E1800BD68E3 /* Products */ = {
			isa = PBXGroup;
			children = (
				DC49E40717443E1800BD68E3 /* GPUImage.framework */,
			);
			name = Products;
			sourceTree = "<group>";
		};
		DC4AEE9A17427886007FE12F = {
			isa = PBXGroup;
			children = (
				DC4AEEAC17427886007FE12F /* Ever FilterGenerator */,
				DC4AEEA517427886007FE12F /* Frameworks */,
				DC4AEEA417427886007FE12F /* Products */,
			);
			sourceTree = "<group>";
		};
		DC4AEEA417427886007FE12F /* Products */ = {
			isa = PBXGroup;
			children = (
				DC4AEEA317427886007FE12F /* Ever FilterGenerator.app */,
			);
			name = Products;
			sourceTree = "<group>";
		};
		DC4AEEA517427886007FE12F /* Frameworks */ = {
			isa = PBXGroup;
			children = (
				DC49E40217443E1800BD68E3 /* GPUImageMac.xcodeproj */,
				DC4AEEA617427886007FE12F /* Cocoa.framework */,
				DC4AEEA817427886007FE12F /* Other Frameworks */,
			);
			name = Frameworks;
			sourceTree = "<group>";
		};
		DC4AEEA817427886007FE12F /* Other Frameworks */ = {
			isa = PBXGroup;
			children = (
				DC4AEEA917427886007FE12F /* AppKit.framework */,
				DC4AEEAA17427886007FE12F /* CoreData.framework */,
				DC4AEEAB17427886007FE12F /* Foundation.framework */,
			);
			name = "Other Frameworks";
			sourceTree = "<group>";
		};
		DC4AEEAC17427886007FE12F /* Ever FilterGenerator */ = {
			isa = PBXGroup;
			children = (
				DC4AEEAD17427886007FE12F /* Supporting Files */,
				DC4AEEB817427886007FE12F /* EverAppDelegate.h */,
				DC4AEEB917427886007FE12F /* EverAppDelegate.m */,
				DC4AEEBB17427887007FE12F /* MainMenu.xib */,
				DC4AEEC91742793A007FE12F /* EverMainWindow.h */,
				DC4AEECA1742793A007FE12F /* EverMainWindow.m */,
				DC1AAD7717428077003BE47C /* EverMainMenu.h */,
				DC1AAD7817428077003BE47C /* EverMainMenu.m */,
				DC1AAD7D17429EFB003BE47C /* EverFilters.h */,
				DC1AAD7E17429EFB003BE47C /* EverFilters.m */,
				DC14B5AA1742B7EF00D314B9 /* EverFilterCellView.h */,
				DC14B5AB1742B7EF00D314B9 /* EverFilterCellView.m */,
				DC82DC2E174390E100B7C985 /* SimplePanel.xib */,
				DC82DC301743913500B7C985 /* SimplePanel.h */,
				DC82DC311743913500B7C985 /* SimplePanel.m */,
				DC82DC331743A88800B7C985 /* LevelsPanel.xib */,
				DC82DC351743AC4300B7C985 /* LevelsPanel.h */,
				DC82DC361743AC4300B7C985 /* LevelsPanel.m */,
				DC82DC381743C3C100B7C985 /* ChannelSettingView.xib */,
				DC82DC3A1743C44400B7C985 /* ChannelSettingView.h */,
				DC82DC3B1743C44400B7C985 /* ChannelSettingView.m */,
				DC068358174402A100EE659D /* BlendPanel.xib */,
				DC06835A1744032100EE659D /* BlendPanel.h */,
				DC06835B1744032100EE659D /* BlendPanel.m */,
				EE2586D8174BB65900843845 /* EverFilterExporter.h */,
				EE2586D9174BB65900843845 /* EverFilterExporter.m */,
			);
			path = "Ever FilterGenerator";
			sourceTree = "<group>";
		};
		DC4AEEAD17427886007FE12F /* Supporting Files */ = {
			isa = PBXGroup;
			children = (
				DC4AEEAE17427886007FE12F /* Ever FilterGenerator-Info.plist */,
				DC4AEEAF17427886007FE12F /* InfoPlist.strings */,
				DC4AEEB217427886007FE12F /* main.m */,
				DC4AEEB417427886007FE12F /* Ever FilterGenerator-Prefix.pch */,
				DC4AEEB517427886007FE12F /* Credits.rtf */,
			);
			name = "Supporting Files";
			sourceTree = "<group>";
		};
/* End PBXGroup section */

/* Begin PBXNativeTarget section */
		DC4AEEA217427886007FE12F /* Ever FilterGenerator */ = {
			isa = PBXNativeTarget;
			buildConfigurationList = DC4AEEC017427887007FE12F /* Build configuration list for PBXNativeTarget "Ever FilterGenerator" */;
			buildPhases = (
				DC4AEE9F17427886007FE12F /* Sources */,
				DC4AEEA017427886007FE12F /* Frameworks */,
				DC4AEEA117427886007FE12F /* Resources */,
				EE38AA9F174B9416008A62FF /* CopyFiles */,
			);
			buildRules = (
			);
			dependencies = (
			);
			name = "Ever FilterGenerator";
			productName = "Ever FilterGenerator";
			productReference = DC4AEEA317427886007FE12F /* Ever FilterGenerator.app */;
			productType = "com.apple.product-type.application";
		};
/* End PBXNativeTarget section */

/* Begin PBXProject section */
		DC4AEE9B17427886007FE12F /* Project object */ = {
			isa = PBXProject;
			attributes = {
				CLASSPREFIX = Ever;
				LastUpgradeCheck = 0460;
				ORGANIZATIONNAME = com.ever;
			};
			buildConfigurationList = DC4AEE9E17427886007FE12F /* Build configuration list for PBXProject "Ever FilterGenerator" */;
			compatibilityVersion = "Xcode 3.2";
			developmentRegion = English;
			hasScannedForEncodings = 0;
			knownRegions = (
				en,
			);
			mainGroup = DC4AEE9A17427886007FE12F;
			productRefGroup = DC4AEEA417427886007FE12F /* Products */;
			projectDirPath = "";
			projectReferences = (
				{
					ProductGroup = DC49E40317443E1800BD68E3 /* Products */;
					ProjectRef = DC49E40217443E1800BD68E3 /* GPUImageMac.xcodeproj */;
				},
			);
			projectRoot = "";
			targets = (
				DC4AEEA217427886007FE12F /* Ever FilterGenerator */,
			);
		};
/* End PBXProject section */

/* Begin PBXReferenceProxy section */
		DC49E40717443E1800BD68E3 /* GPUImage.framework */ = {
			isa = PBXReferenceProxy;
			fileType = wrapper.framework;
			path = GPUImage.framework;
			remoteRef = DC49E40617443E1800BD68E3 /* PBXContainerItemProxy */;
			sourceTree = BUILT_PRODUCTS_DIR;
		};
/* End PBXReferenceProxy section */

/* Begin PBXResourcesBuildPhase section */
		DC4AEEA117427886007FE12F /* Resources */ = {
			isa = PBXResourcesBuildPhase;
			buildActionMask = 2147483647;
			files = (
				DC4AEEB117427886007FE12F /* InfoPlist.strings in Resources */,
				DC4AEEB717427886007FE12F /* Credits.rtf in Resources */,
				DC4AEEBD17427887007FE12F /* MainMenu.xib in Resources */,
				DC82DC2F174390E100B7C985 /* SimplePanel.xib in Resources */,
				DC82DC341743A88800B7C985 /* LevelsPanel.xib in Resources */,
				DC82DC391743C3C100B7C985 /* ChannelSettingView.xib in Resources */,
				DC068359174402A100EE659D /* BlendPanel.xib in Resources */,
			);
			runOnlyForDeploymentPostprocessing = 0;
		};
/* End PBXResourcesBuildPhase section */

/* Begin PBXSourcesBuildPhase section */
		DC4AEE9F17427886007FE12F /* Sources */ = {
			isa = PBXSourcesBuildPhase;
			buildActionMask = 2147483647;
			files = (
				DC4AEEB317427886007FE12F /* main.m in Sources */,
				DC4AEEBA17427886007FE12F /* EverAppDelegate.m in Sources */,
				DC4AEECB1742793A007FE12F /* EverMainWindow.m in Sources */,
				DC1AAD7917428077003BE47C /* EverMainMenu.m in Sources */,
				DC1AAD7F17429EFB003BE47C /* EverFilters.m in Sources */,
				DC14B5AC1742B7EF00D314B9 /* EverFilterCellView.m in Sources */,
				DC82DC321743913500B7C985 /* SimplePanel.m in Sources */,
				DC82DC371743AC4300B7C985 /* LevelsPanel.m in Sources */,
				DC82DC3C1743C44400B7C985 /* ChannelSettingView.m in Sources */,
				DC06835C1744032200EE659D /* BlendPanel.m in Sources */,
				EE2586DA174BB65900843845 /* EverFilterExporter.m in Sources */,
			);
			runOnlyForDeploymentPostprocessing = 0;
		};
/* End PBXSourcesBuildPhase section */

/* Begin PBXVariantGroup section */
		DC4AEEAF17427886007FE12F /* InfoPlist.strings */ = {
			isa = PBXVariantGroup;
			children = (
				DC4AEEB017427886007FE12F /* en */,
			);
			name = InfoPlist.strings;
			sourceTree = "<group>";
		};
		DC4AEEB517427886007FE12F /* Credits.rtf */ = {
			isa = PBXVariantGroup;
			children = (
				DC4AEEB617427886007FE12F /* en */,
			);
			name = Credits.rtf;
			sourceTree = "<group>";
		};
		DC4AEEBB17427887007FE12F /* MainMenu.xib */ = {
			isa = PBXVariantGroup;
			children = (
				DC4AEEBC17427887007FE12F /* en */,
			);
			name = MainMenu.xib;
			sourceTree = "<group>";
		};
/* End PBXVariantGroup section */

/* Begin XCBuildConfiguration section */
		DC4AEEBE17427887007FE12F /* Debug */ = {
			isa = XCBuildConfiguration;
			buildSettings = {
				ALWAYS_SEARCH_USER_PATHS = NO;
				ARCHS = "$(ARCHS_STANDARD_64_BIT)";
				CLANG_CXX_LANGUAGE_STANDARD = "gnu++0x";
				CLANG_CXX_LIBRARY = "libc++";
				CLANG_WARN_CONSTANT_CONVERSION = YES;
				CLANG_WARN_EMPTY_BODY = YES;
				CLANG_WARN_ENUM_CONVERSION = YES;
				CLANG_WARN_INT_CONVERSION = YES;
				CLANG_WARN__DUPLICATE_METHOD_MATCH = YES;
				COPY_PHASE_STRIP = NO;
				GCC_C_LANGUAGE_STANDARD = gnu99;
				GCC_DYNAMIC_NO_PIC = NO;
				GCC_ENABLE_OBJC_EXCEPTIONS = YES;
				GCC_OPTIMIZATION_LEVEL = 0;
				GCC_PREPROCESSOR_DEFINITIONS = (
					"DEBUG=1",
					"$(inherited)",
				);
				GCC_SYMBOLS_PRIVATE_EXTERN = NO;
				GCC_WARN_64_TO_32_BIT_CONVERSION = YES;
				GCC_WARN_ABOUT_RETURN_TYPE = YES;
				GCC_WARN_UNINITIALIZED_AUTOS = YES;
				GCC_WARN_UNUSED_VARIABLE = YES;
				MACOSX_DEPLOYMENT_TARGET = 10.8;
				ONLY_ACTIVE_ARCH = YES;
				SDKROOT = macosx;
			};
			name = Debug;
		};
		DC4AEEBF17427887007FE12F /* Release */ = {
			isa = XCBuildConfiguration;
			buildSettings = {
				ALWAYS_SEARCH_USER_PATHS = NO;
				ARCHS = "$(ARCHS_STANDARD_64_BIT)";
				CLANG_CXX_LANGUAGE_STANDARD = "gnu++0x";
				CLANG_CXX_LIBRARY = "libc++";
				CLANG_WARN_CONSTANT_CONVERSION = YES;
				CLANG_WARN_EMPTY_BODY = YES;
				CLANG_WARN_ENUM_CONVERSION = YES;
				CLANG_WARN_INT_CONVERSION = YES;
				CLANG_WARN__DUPLICATE_METHOD_MATCH = YES;
				COPY_PHASE_STRIP = YES;
				DEBUG_INFORMATION_FORMAT = "dwarf-with-dsym";
				GCC_C_LANGUAGE_STANDARD = gnu99;
				GCC_ENABLE_OBJC_EXCEPTIONS = YES;
				GCC_WARN_64_TO_32_BIT_CONVERSION = YES;
				GCC_WARN_ABOUT_RETURN_TYPE = YES;
				GCC_WARN_UNINITIALIZED_AUTOS = YES;
				GCC_WARN_UNUSED_VARIABLE = YES;
				MACOSX_DEPLOYMENT_TARGET = 10.8;
				SDKROOT = macosx;
			};
			name = Release;
		};
		DC4AEEC117427887007FE12F /* Debug */ = {
			isa = XCBuildConfiguration;
			buildSettings = {
				CLANG_ENABLE_OBJC_ARC = YES;
				COMBINE_HIDPI_IMAGES = YES;
				FRAMEWORK_SEARCH_PATHS = (
					"$(inherited)",
					"\"$(SRCROOT)/../../Downloads/GPUImage/GPUImage/build/Release\"",
				);
				GCC_PRECOMPILE_PREFIX_HEADER = YES;
				GCC_PREFIX_HEADER = "Ever FilterGenerator/Ever FilterGenerator-Prefix.pch";
				INFOPLIST_FILE = "Ever FilterGenerator/Ever FilterGenerator-Info.plist";
				PRODUCT_NAME = "$(TARGET_NAME)";
				STRIP_INSTALLED_PRODUCT = YES;
				WRAPPER_EXTENSION = app;
			};
			name = Debug;
		};
		DC4AEEC217427887007FE12F /* Release */ = {
			isa = XCBuildConfiguration;
			buildSettings = {
				CLANG_ENABLE_OBJC_ARC = YES;
				COMBINE_HIDPI_IMAGES = YES;
				FRAMEWORK_SEARCH_PATHS = (
					"$(inherited)",
					"\"$(SRCROOT)/../../Downloads/GPUImage/GPUImage/build/Release\"",
				);
				GCC_PRECOMPILE_PREFIX_HEADER = YES;
				GCC_PREFIX_HEADER = "Ever FilterGenerator/Ever FilterGenerator-Prefix.pch";
				INFOPLIST_FILE = "Ever FilterGenerator/Ever FilterGenerator-Info.plist";
				PRODUCT_NAME = "$(TARGET_NAME)";
				STRIP_INSTALLED_PRODUCT = YES;
				WRAPPER_EXTENSION = app;
			};
			name = Release;
		};
/* End XCBuildConfiguration section */

/* Begin XCConfigurationList section */
		DC4AEE9E17427886007FE12F /* Build configuration list for PBXProject "Ever FilterGenerator" */ = {
			isa = XCConfigurationList;
			buildConfigurations = (
				DC4AEEBE17427887007FE12F /* Debug */,
				DC4AEEBF17427887007FE12F /* Release */,
			);
			defaultConfigurationIsVisible = 0;
			defaultConfigurationName = Release;
		};
		DC4AEEC017427887007FE12F /* Build configuration list for PBXNativeTarget "Ever FilterGenerator" */ = {
			isa = XCConfigurationList;
			buildConfigurations = (
				DC4AEEC117427887007FE12F /* Debug */,
				DC4AEEC217427887007FE12F /* Release */,
			);
			defaultConfigurationIsVisible = 0;
			defaultConfigurationName = Release;
		};
/* End XCConfigurationList section */
	};
	rootObject = DC4AEE9B17427886007FE12F /* Project object */;
}
